
Microsoft Visual Studio Solution File, Format Version 12.00
# Visual Studio Version 17
VisualStudioVersion = 17.4.33027.239
MinimumVisualStudioVersion = 10.0.40219.1
Project("{2150E333-8FDC-42A3-9474-1A3956D46DE8}") = "TrafficLight", "TrafficLight", "{65171D85-6530-4979-94C8-C70AE7FB0C07}"
EndProject
Project("{2150E333-8FDC-42A3-9474-1A3956D46DE8}") = "SMS", "SMS", "{9B9B9B70-E4AD-4516-9D49-D317FC5C6742}"
EndProject
Project("{9A19103F-16F7-4668-BE54-9A1E7A4F7556}") = "SMS.Console", "SMS.Console\SMS.Console.csproj", "{E08CDCDA-81D5-46F3-BCC8-FC4E39F00198}"
EndProject
Project("{2150E333-8FDC-42A3-9474-1A3956D46DE8}") = "Hands", "Hands", "{AFADA001-17DF-4DFC-8A89-FB69A437D5A8}"
EndProject
Project("{9A19103F-16F7-4668-BE54-9A1E7A4F7556}") = "DetectHandsJsComponent", "DetectHandsJsComponent\DetectHandsJsComponent.csproj", "{D791FD50-1F33-4A29-9111-D49FED50402B}"
EndProject
Project("{2150E333-8FDC-42A3-9474-1A3956D46DE8}") = "Libs", "Libs", "{78C6E953-C85A-44E5-9651-4B3A9F0B38B3}"
EndProject
Project("{9A19103F-16F7-4668-BE54-9A1E7A4F7556}") = "HandsApp", "HandsApp\HandsApp.csproj", "{4ED34114-0940-4A05-BE80-9E18F989D39B}"
EndProject
Project("{2150E333-8FDC-42A3-9474-1A3956D46DE8}") = "Dashboard", "Dashboard", "{6DFD4205-93BA-4478-8CF3-C5CEA8A3B79E}"
EndProject
Project("{9A19103F-16F7-4668-BE54-9A1E7A4F7556}") = "Dashboard", "Dashboard\Dashboard.csproj", "{F265BF58-0DE7-463C-9903-BD891B9B73A8}"
EndProject
Project("{2150E333-8FDC-42A3-9474-1A3956D46DE8}") = "Device", "Device", "{DBB42295-B98F-416F-91A0-83CBC7C05A30}"
EndProject
Project("{11A8DD76-328B-46DF-9F39-F559912D0360}") = "DemoESP32StarterKit", "DemoESP32StarterKit\DemoESP32StarterKit.nfproj", "{BD3A0709-E05F-4319-BF5C-B8093C695F36}"
EndProject
Project("{11A8DD76-328B-46DF-9F39-F559912D0360}") = "SASBuilder", "SASBuilder\SASBuilder.nfproj", "{18313D15-EC19-4240-B5B2-89CB4756B1E1}"
EndProject
Project("{11A8DD76-328B-46DF-9F39-F559912D0360}") = "AzureDevice", "AzureDevice\AzureDevice.nfproj", "{5308A9CD-694B-46C1-B93E-712D46E293D5}"
EndProject
Project("{11A8DD76-328B-46DF-9F39-F559912D0360}") = "BasicGraphics", "BasicGraphics\BasicGraphics.nfproj", "{ED250E8F-D3E6-4473-B5B6-84601F554400}"
EndProject
Project("{11A8DD76-328B-46DF-9F39-F559912D0360}") = "BluinoNet.ESP32StarterKit", "BluinoNet.ESP32StarterKit\BluinoNet.ESP32StarterKit.nfproj", "{E9F74F5C-B48C-43D7-A924-BF0C4E21E944}"
EndProject
Project("{FAE04EC0-301F-11D3-BF4B-00C04F79EFBC}") = "Traffic Signal", "Traffic Signal\Traffic Signal.csproj", "{07F1AA9C-2804-4050-875F-8B8DD9DB4234}"
EndProject
Project("{FAE04EC0-301F-11D3-BF4B-00C04F79EFBC}") = "DashboardApp", "DashboardApp\DashboardApp.csproj", "{D8E2EB42-8ADA-4772-9F3F-0B6A94190FD3}"
EndProject
Project("{2150E333-8FDC-42A3-9474-1A3956D46DE8}") = "Hub", "Hub", "{504C1670-1652-4B40-9FBF-A93CFC3B9902}"
EndProject
Project("{FAE04EC0-301F-11D3-BF4B-00C04F79EFBC}") = "DataReceiver", "DataReceiver\DataReceiver.csproj", "{86FF1176-CC87-4911-AC44-7440EFCFF381}"
EndProject
Global
	GlobalSection(SolutionConfigurationPlatforms) = preSolution
		Debug|Any CPU = Debug|Any CPU
		Release|Any CPU = Release|Any CPU
	EndGlobalSection
	GlobalSection(ProjectConfigurationPlatforms) = postSolution
		{E08CDCDA-81D5-46F3-BCC8-FC4E39F00198}.Debug|Any CPU.ActiveCfg = Debug|Any CPU
		{E08CDCDA-81D5-46F3-BCC8-FC4E39F00198}.Debug|Any CPU.Build.0 = Debug|Any CPU
		{E08CDCDA-81D5-46F3-BCC8-FC4E39F00198}.Release|Any CPU.ActiveCfg = Release|Any CPU
		{E08CDCDA-81D5-46F3-BCC8-FC4E39F00198}.Release|Any CPU.Build.0 = Release|Any CPU
		{D791FD50-1F33-4A29-9111-D49FED50402B}.Debug|Any CPU.ActiveCfg = Debug|Any CPU
		{D791FD50-1F33-4A29-9111-D49FED50402B}.Debug|Any CPU.Build.0 = Debug|Any CPU
		{D791FD50-1F33-4A29-9111-D49FED50402B}.Release|Any CPU.ActiveCfg = Release|Any CPU
		{D791FD50-1F33-4A29-9111-D49FED50402B}.Release|Any CPU.Build.0 = Release|Any CPU
		{4ED34114-0940-4A05-BE80-9E18F989D39B}.Debug|Any CPU.ActiveCfg = Debug|Any CPU
		{4ED34114-0940-4A05-BE80-9E18F989D39B}.Debug|Any CPU.Build.0 = Debug|Any CPU
		{4ED34114-0940-4A05-BE80-9E18F989D39B}.Release|Any CPU.ActiveCfg = Release|Any CPU
		{4ED34114-0940-4A05-BE80-9E18F989D39B}.Release|Any CPU.Build.0 = Release|Any CPU
		{F265BF58-0DE7-463C-9903-BD891B9B73A8}.Debug|Any CPU.ActiveCfg = Debug|Any CPU
		{F265BF58-0DE7-463C-9903-BD891B9B73A8}.Debug|Any CPU.Build.0 = Debug|Any CPU
		{F265BF58-0DE7-463C-9903-BD891B9B73A8}.Release|Any CPU.ActiveCfg = Release|Any CPU
		{F265BF58-0DE7-463C-9903-BD891B9B73A8}.Release|Any CPU.Build.0 = Release|Any CPU
		{BD3A0709-E05F-4319-BF5C-B8093C695F36}.Debug|Any CPU.ActiveCfg = Debug|Any CPU
		{BD3A0709-E05F-4319-BF5C-B8093C695F36}.Debug|Any CPU.Build.0 = Debug|Any CPU
		{BD3A0709-E05F-4319-BF5C-B8093C695F36}.Debug|Any CPU.Deploy.0 = Debug|Any CPU
		{BD3A0709-E05F-4319-BF5C-B8093C695F36}.Release|Any CPU.ActiveCfg = Release|Any CPU
		{BD3A0709-E05F-4319-BF5C-B8093C695F36}.Release|Any CPU.Build.0 = Release|Any CPU
		{BD3A0709-E05F-4319-BF5C-B8093C695F36}.Release|Any CPU.Deploy.0 = Release|Any CPU
		{18313D15-EC19-4240-B5B2-89CB4756B1E1}.Debug|Any CPU.ActiveCfg = Debug|Any CPU
		{18313D15-EC19-4240-B5B2-89CB4756B1E1}.Debug|Any CPU.Build.0 = Debug|Any CPU
		{18313D15-EC19-4240-B5B2-89CB4756B1E1}.Debug|Any CPU.Deploy.0 = Debug|Any CPU
		{18313D15-EC19-4240-B5B2-89CB4756B1E1}.Release|Any CPU.ActiveCfg = Release|Any CPU
		{18313D15-EC19-4240-B5B2-89CB4756B1E1}.Release|Any CPU.Build.0 = Release|Any CPU
		{18313D15-EC19-4240-B5B2-89CB4756B1E1}.Release|Any CPU.Deploy.0 = Release|Any CPU
		{5308A9CD-694B-46C1-B93E-712D46E293D5}.Debug|Any CPU.ActiveCfg = Debug|Any CPU
		{5308A9CD-694B-46C1-B93E-712D46E293D5}.Debug|Any CPU.Build.0 = Debug|Any CPU
		{5308A9CD-694B-46C1-B93E-712D46E293D5}.Debug|Any CPU.Deploy.0 = Debug|Any CPU
		{5308A9CD-694B-46C1-B93E-712D46E293D5}.Release|Any CPU.ActiveCfg = Release|Any CPU
		{5308A9CD-694B-46C1-B93E-712D46E293D5}.Release|Any CPU.Build.0 = Release|Any CPU
		{5308A9CD-694B-46C1-B93E-712D46E293D5}.Release|Any CPU.Deploy.0 = Release|Any CPU
		{ED250E8F-D3E6-4473-B5B6-84601F554400}.Debug|Any CPU.ActiveCfg = Debug|Any CPU
		{ED250E8F-D3E6-4473-B5B6-84601F554400}.Debug|Any CPU.Build.0 = Debug|Any CPU
		{ED250E8F-D3E6-4473-B5B6-84601F554400}.Debug|Any CPU.Deploy.0 = Debug|Any CPU
		{ED250E8F-D3E6-4473-B5B6-84601F554400}.Release|Any CPU.ActiveCfg = Release|Any CPU
		{ED250E8F-D3E6-4473-B5B6-84601F554400}.Release|Any CPU.Build.0 = Release|Any CPU
		{ED250E8F-D3E6-4473-B5B6-84601F554400}.Release|Any CPU.Deploy.0 = Release|Any CPU
		{E9F74F5C-B48C-43D7-A924-BF0C4E21E944}.Debug|Any CPU.ActiveCfg = Debug|Any CPU
		{E9F74F5C-B48C-43D7-A924-BF0C4E21E944}.Debug|Any CPU.Build.0 = Debug|Any CPU
		{E9F74F5C-B48C-43D7-A924-BF0C4E21E944}.Debug|Any CPU.Deploy.0 = Debug|Any CPU
		{E9F74F5C-B48C-43D7-A924-BF0C4E21E944}.Release|Any CPU.ActiveCfg = Release|Any CPU
		{E9F74F5C-B48C-43D7-A924-BF0C4E21E944}.Release|Any CPU.Build.0 = Release|Any CPU
		{E9F74F5C-B48C-43D7-A924-BF0C4E21E944}.Release|Any CPU.Deploy.0 = Release|Any CPU
		{07F1AA9C-2804-4050-875F-8B8DD9DB4234}.Debug|Any CPU.ActiveCfg = Debug|Any CPU
		{07F1AA9C-2804-4050-875F-8B8DD9DB4234}.Debug|Any CPU.Build.0 = Debug|Any CPU
		{07F1AA9C-2804-4050-875F-8B8DD9DB4234}.Release|Any CPU.ActiveCfg = Release|Any CPU
		{07F1AA9C-2804-4050-875F-8B8DD9DB4234}.Release|Any CPU.Build.0 = Release|Any CPU
		{D8E2EB42-8ADA-4772-9F3F-0B6A94190FD3}.Debug|Any CPU.ActiveCfg = Debug|Any CPU
		{D8E2EB42-8ADA-4772-9F3F-0B6A94190FD3}.Debug|Any CPU.Build.0 = Debug|Any CPU
		{D8E2EB42-8ADA-4772-9F3F-0B6A94190FD3}.Release|Any CPU.ActiveCfg = Release|Any CPU
		{D8E2EB42-8ADA-4772-9F3F-0B6A94190FD3}.Release|Any CPU.Build.0 = Release|Any CPU
		{86FF1176-CC87-4911-AC44-7440EFCFF381}.Debug|Any CPU.ActiveCfg = Debug|Any CPU
		{86FF1176-CC87-4911-AC44-7440EFCFF381}.Debug|Any CPU.Build.0 = Debug|Any CPU
		{86FF1176-CC87-4911-AC44-7440EFCFF381}.Release|Any CPU.ActiveCfg = Release|Any CPU
		{86FF1176-CC87-4911-AC44-7440EFCFF381}.Release|Any CPU.Build.0 = Release|Any CPU
	EndGlobalSection
	GlobalSection(SolutionProperties) = preSolution
		HideSolutionNode = FALSE
	EndGlobalSection
	GlobalSection(NestedProjects) = preSolution
		{E08CDCDA-81D5-46F3-BCC8-FC4E39F00198} = {9B9B9B70-E4AD-4516-9D49-D317FC5C6742}
		{D791FD50-1F33-4A29-9111-D49FED50402B} = {78C6E953-C85A-44E5-9651-4B3A9F0B38B3}
		{4ED34114-0940-4A05-BE80-9E18F989D39B} = {AFADA001-17DF-4DFC-8A89-FB69A437D5A8}
		{F265BF58-0DE7-463C-9903-BD891B9B73A8} = {6DFD4205-93BA-4478-8CF3-C5CEA8A3B79E}
		{BD3A0709-E05F-4319-BF5C-B8093C695F36} = {DBB42295-B98F-416F-91A0-83CBC7C05A30}
		{18313D15-EC19-4240-B5B2-89CB4756B1E1} = {78C6E953-C85A-44E5-9651-4B3A9F0B38B3}
		{5308A9CD-694B-46C1-B93E-712D46E293D5} = {DBB42295-B98F-416F-91A0-83CBC7C05A30}
		{ED250E8F-D3E6-4473-B5B6-84601F554400} = {78C6E953-C85A-44E5-9651-4B3A9F0B38B3}
		{E9F74F5C-B48C-43D7-A924-BF0C4E21E944} = {78C6E953-C85A-44E5-9651-4B3A9F0B38B3}
		{07F1AA9C-2804-4050-875F-8B8DD9DB4234} = {65171D85-6530-4979-94C8-C70AE7FB0C07}
		{D8E2EB42-8ADA-4772-9F3F-0B6A94190FD3} = {6DFD4205-93BA-4478-8CF3-C5CEA8A3B79E}
		{86FF1176-CC87-4911-AC44-7440EFCFF381} = {504C1670-1652-4B40-9FBF-A93CFC3B9902}
	EndGlobalSection
	GlobalSection(ExtensibilityGlobals) = postSolution
		SolutionGuid = {9C3D2F9E-C349-4B3A-B1C0-A9D539CB529B}
	EndGlobalSection
EndGlobal
